// !$*UTF8*$!
{
	archiveVersion = 1;
	classes = {
	};
	objectVersion = 50;
	objects = {

/* Begin PBXBuildFile section */
		3E9DFF36257A6A29002FE33C /* AppDelegate.swift in Sources */ = {isa = PBXBuildFile; fileRef = 3E9DFF35257A6A29002FE33C /* AppDelegate.swift */; };
		3E9DFF38257A6A29002FE33C /* SceneDelegate.swift in Sources */ = {isa = PBXBuildFile; fileRef = 3E9DFF37257A6A29002FE33C /* SceneDelegate.swift */; };
		3E9DFF3A257A6A29002FE33C /* ViewController.swift in Sources */ = {isa = PBXBuildFile; fileRef = 3E9DFF39257A6A29002FE33C /* ViewController.swift */; };
		3E9DFF3D257A6A29002FE33C /* Main.storyboard in Resources */ = {isa = PBXBuildFile; fileRef = 3E9DFF3B257A6A29002FE33C /* Main.storyboard */; };
		3E9DFF3F257A6A2C002FE33C /* Assets.xcassets in Resources */ = {isa = PBXBuildFile; fileRef = 3E9DFF3E257A6A2C002FE33C /* Assets.xcassets */; };
		3E9DFF42257A6A2C002FE33C /* LaunchScreen.storyboard in Resources */ = {isa = PBXBuildFile; fileRef = 3E9DFF40257A6A2C002FE33C /* LaunchScreen.storyboard */; };
		3E9DFF4C257A6D6A002FE33C /* Petition.swift in Sources */ = {isa = PBXBuildFile; fileRef = 3E9DFF4B257A6D6A002FE33C /* Petition.swift */; };
		3E9DFF4F257A6E44002FE33C /* Petitions.swift in Sources */ = {isa = PBXBuildFile; fileRef = 3E9DFF4E257A6E44002FE33C /* Petitions.swift */; };
		3E9DFF52257A7339002FE33C /* DetailViewController.swift in Sources */ = {isa = PBXBuildFile; fileRef = 3E9DFF51257A7339002FE33C /* DetailViewController.swift */; };
/* End PBXBuildFile section */

/* Begin PBXFileReference section */
		3E9DFF32257A6A29002FE33C /* Project7.app */ = {isa = PBXFileReference; explicitFileType = wrapper.application; includeInIndex = 0; path = Project7.app; sourceTree = BUILT_PRODUCTS_DIR; };
		3E9DFF35257A6A29002FE33C /* AppDelegate.swift */ = {isa = PBXFileReference; lastKnownFileType = sourcecode.swift; path = AppDelegate.swift; sourceTree = "<group>"; };
		3E9DFF37257A6A29002FE33C /* SceneDelegate.swift */ = {isa = PBXFileReference; lastKnownFileType = sourcecode.swift; path = SceneDelegate.swift; sourceTree = "<group>"; };
		3E9DFF39257A6A29002FE33C /* ViewController.swift */ = {isa = PBXFileReference; lastKnownFileType = sourcecode.swift; path = ViewController.swift; sourceTree = "<group>"; };
		3E9DFF3C257A6A29002FE33C /* Base */ = {isa = PBXFileReference; lastKnownFileType = file.storyboard; name = Base; path = Base.lproj/Main.storyboard; sourceTree = "<group>"; };
		3E9DFF3E257A6A2C002FE33C /* Assets.xcassets */ = {isa = PBXFileReference; lastKnownFileType = folder.assetcatalog; path = Assets.xcassets; sourceTree = "<group>"; };
		3E9DFF41257A6A2C002FE33C /* Base */ = {isa = PBXFileReference; lastKnownFileType = file.storyboard; name = Base; path = Base.lproj/LaunchScreen.storyboard; sourceTree = "<group>"; };
		3E9DFF43257A6A2C002FE33C /* Info.plist */ = {isa = PBXFileReference; lastKnownFileType = text.plist.xml; path = Info.plist; sourceTree = "<group>"; };
		3E9DFF4B257A6D6A002FE33C /* Petition.swift */ = {isa = PBXFileReference; lastKnownFileType = sourcecode.swift; path = Petition.swift; sourceTree = "<group>"; };
		3E9DFF4E257A6E44002FE33C /* Petitions.swift */ = {isa = PBXFileReference; lastKnownFileType = sourcecode.swift; path = Petitions.swift; sourceTree = "<group>"; };
		3E9DFF51257A7339002FE33C /* DetailViewController.swift */ = {isa = PBXFileReference; lastKnownFileType = sourcecode.swift; path = DetailViewController.swift; sourceTree = "<group>"; };
/* End PBXFileReference section */

/* Begin PBXFrameworksBuildPhase section */
		3E9DFF2F257A6A29002FE33C /* Frameworks */ = {
			isa = PBXFrameworksBuildPhase;
			buildActionMask = 2147483647;
			files = (
			);
			runOnlyForDeploymentPostprocessing = 0;
		};
/* End PBXFrameworksBuildPhase section */

/* Begin PBXGroup section */
		3E9DFF29257A6A29002FE33C = {
			isa = PBXGroup;
			children = (
				3E9DFF34257A6A29002FE33C /* Project7 */,
				3E9DFF33257A6A29002FE33C /* Products */,
			);
			sourceTree = "<group>";
		};
		3E9DFF33257A6A29002FE33C /* Products */ = {
			isa = PBXGroup;
			children = (
				3E9DFF32257A6A29002FE33C /* Project7.app */,
			);
			name = Products;
			sourceTree = "<group>";
		};
		3E9DFF34257A6A29002FE33C /* Project7 */ = {
			isa = PBXGroup;
			children = (
				3E9DFF35257A6A29002FE33C /* AppDelegate.swift */,
				3E9DFF37257A6A29002FE33C /* SceneDelegate.swift */,
				3E9DFF39257A6A29002FE33C /* ViewController.swift */,
				3E9DFF51257A7339002FE33C /* DetailViewController.swift */,
				3E9DFF4B257A6D6A002FE33C /* Petition.swift */,
				3E9DFF4E257A6E44002FE33C /* Petitions.swift */,
				3E9DFF3B257A6A29002FE33C /* Main.storyboard */,
				3E9DFF3E257A6A2C002FE33C /* Assets.xcassets */,
				3E9DFF40257A6A2C002FE33C /* LaunchScreen.storyboard */,
				3E9DFF43257A6A2C002FE33C /* Info.plist */,
			);
			path = Project7;
			sourceTree = "<group>";
		};
/* End PBXGroup section */

/* Begin PBXNativeTarget section */
		3E9DFF31257A6A29002FE33C /* Project7 */ = {
			isa = PBXNativeTarget;
			buildConfigurationList = 3E9DFF46257A6A2C002FE33C /* Build configuration list for PBXNativeTarget "Project7" */;
			buildPhases = (
				3E9DFF2E257A6A29002FE33C /* Sources */,
				3E9DFF2F257A6A29002FE33C /* Frameworks */,
				3E9DFF30257A6A29002FE33C /* Resources */,
			);
			buildRules = (
			);
			dependencies = (
			);
			name = Project7;
			productName = Project7;
			productReference = 3E9DFF32257A6A29002FE33C /* Project7.app */;
			productType = "com.apple.product-type.application";
		};
/* End PBXNativeTarget section */

/* Begin PBXProject section */
		3E9DFF2A257A6A29002FE33C /* Project object */ = {
			isa = PBXProject;
			attributes = {
				LastSwiftUpdateCheck = 1220;
				LastUpgradeCheck = 1220;
				TargetAttributes = {
					3E9DFF31257A6A29002FE33C = {
						CreatedOnToolsVersion = 12.2;
					};
				};
			};
			buildConfigurationList = 3E9DFF2D257A6A29002FE33C /* Build configuration list for PBXProject "Project7" */;
			compatibilityVersion = "Xcode 9.3";
			developmentRegion = en;
			hasScannedForEncodings = 0;
			knownRegions = (
				en,
				Base,
			);
			mainGroup = 3E9DFF29257A6A29002FE33C;
			productRefGroup = 3E9DFF33257A6A29002FE33C /* Products */;
			projectDirPath = "";
			projectRoot = "";
			targets = (
				3E9DFF31257A6A29002FE33C /* Project7 */,
			);
		};
/* End PBXProject section */

/* Begin PBXResourcesBuildPhase section */
		3E9DFF30257A6A29002FE33C /* Resources */ = {
			isa = PBXResourcesBuildPhase;
			buildActionMask = 2147483647;
			files = (
				3E9DFF42257A6A2C002FE33C /* LaunchScreen.storyboard in Resources */,
				3E9DFF3F257A6A2C002FE33C /* Assets.xcassets in Resources */,
				3E9DFF3D257A6A29002FE33C /* Main.storyboard in Resources */,
			);
			runOnlyForDeploymentPostprocessing = 0;
		};
/* End PBXResourcesBuildPhase section */

/* Begin PBXSourcesBuildPhase section */
		3E9DFF2E257A6A29002FE33C /* Sources */ = {
			isa = PBXSourcesBuildPhase;
			buildActionMask = 2147483647;
			files = (
				3E9DFF3A257A6A29002FE33C /* ViewController.swift in Sources */,
				3E9DFF36257A6A29002FE33C /* AppDelegate.swift in Sources */,
				3E9DFF4C257A6D6A002FE33C /* Petition.swift in Sources */,
				3E9DFF52257A7339002FE33C /* DetailViewController.swift in Sources */,
				3E9DFF38257A6A29002FE33C /* SceneDelegate.swift in Sources */,
				3E9DFF4F257A6E44002FE33C /* Petitions.swift in Sources */,
			);
			runOnlyForDeploymentPostprocessing = 0;
		};
/* End PBXSourcesBuildPhase section */

/* Begin PBXVariantGroup section */
		3E9DFF3B257A6A29002FE33C /* Main.storyboard */ = {
			isa = PBXVariantGroup;
			children = (
				3E9DFF3C257A6A29002FE33C /* Base */,
			);
			name = Main.storyboard;
			sourceTree = "<group>";
		};
		3E9DFF40257A6A2C002FE33C /* LaunchScreen.storyboard */ = {
			isa = PBXVariantGroup;
			children = (
				3E9DFF41257A6A2C002FE33C /* Base */,
			);
			name = LaunchScreen.storyboard;
			sourceTree = "<group>";
		};
/* End PBXVariantGroup section */

/* Begin XCBuildConfiguration section */
		3E9DFF44257A6A2C002FE33C /* Debug */ = {
			isa = XCBuildConfiguration;
			buildSettings = {
				ALWAYS_SEARCH_USER_PATHS = NO;
				CLANG_ANALYZER_NONNULL = YES;
				CLANG_ANALYZER_NUMBER_OBJECT_CONVERSION = YES_AGGRESSIVE;
				CLANG_CXX_LANGUAGE_STANDARD = "gnu++14";
				CLANG_CXX_LIBRARY = "libc++";
				CLANG_ENABLE_MODULES = YES;
				CLANG_ENABLE_OBJC_ARC = YES;
				CLANG_ENABLE_OBJC_WEAK = YES;
				CLANG_WARN_BLOCK_CAPTURE_AUTORELEASING = YES;
				CLANG_WARN_BOOL_CONVERSION = YES;
				CLANG_WARN_COMMA = YES;
				CLANG_WARN_CONSTANT_CONVERSION = YES;
				CLANG_WARN_DEPRECATED_OBJC_IMPLEMENTATIONS = YES;
				CLANG_WARN_DIRECT_OBJC_ISA_USAGE = YES_ERROR;
				CLANG_WARN_DOCUMENTATION_COMMENTS = YES;
				CLANG_WARN_EMPTY_BODY = YES;
				CLANG_WARN_ENUM_CONVERSION = YES;
				CLANG_WARN_INFINITE_RECURSION = YES;
				CLANG_WARN_INT_CONVERSION = YES;
				CLANG_WARN_NON_LITERAL_NULL_CONVERSION = YES;
				CLANG_WARN_OBJC_IMPLICIT_RETAIN_SELF = YES;
				CLANG_WARN_OBJC_LITERAL_CONVERSION = YES;
				CLANG_WARN_OBJC_ROOT_CLASS = YES_ERROR;
				CLANG_WARN_QUOTED_INCLUDE_IN_FRAMEWORK_HEADER = YES;
				CLANG_WARN_RANGE_LOOP_ANALYSIS = YES;
				CLANG_WARN_STRICT_PROTOTYPES = YES;
				CLANG_WARN_SUSPICIOUS_MOVE = YES;
				CLANG_WARN_UNGUARDED_AVAILABILITY = YES_AGGRESSIVE;
				CLANG_WARN_UNREACHABLE_CODE = YES;
				CLANG_WARN__DUPLICATE_METHOD_MATCH = YES;
				COPY_PHASE_STRIP = NO;
				DEBUG_INFORMATION_FORMAT = dwarf;
				ENABLE_STRICT_OBJC_MSGSEND = YES;
				ENABLE_TESTABILITY = YES;
				GCC_C_LANGUAGE_STANDARD = gnu11;
				GCC_DYNAMIC_NO_PIC = NO;
				GCC_NO_COMMON_BLOCKS = YES;
				GCC_OPTIMIZATION_LEVEL = 0;
				GCC_PREPROCESSOR_DEFINITIONS = (
					"DEBUG=1",
					"$(inherited)",
				);
				GCC_WARN_64_TO_32_BIT_CONVERSION = YES;
				GCC_WARN_ABOUT_RETURN_TYPE = YES_ERROR;
				GCC_WARN_UNDECLARED_SELECTOR = YES;
				GCC_WARN_UNINITIALIZED_AUTOS = YES_AGGRESSIVE;
				GCC_WARN_UNUSED_FUNCTION = YES;
				GCC_WARN_UNUSED_VARIABLE = YES;
				IPHONEOS_DEPLOYMENT_TARGET = 14.2;
				MTL_ENABLE_DEBUG_INFO = INCLUDE_SOURCE;
				MTL_FAST_MATH = YES;
				ONLY_ACTIVE_ARCH = YES;
				SDKROOT = iphoneos;
				SWIFT_ACTIVE_COMPILATION_CONDITIONS = DEBUG;
				SWIFT_OPTIMIZATION_LEVEL = "-Onone";
			};
			name = Debug;
		};
		3E9DFF45257A6A2C002FE33C /* Release */ = {
			isa = XCBuildConfiguration;
			buildSettings = {
				ALWAYS_SEARCH_USER_PATHS = NO;
				CLANG_ANALYZER_NONNULL = YES;
				CLANG_ANALYZER_NUMBER_OBJECT_CONVERSION = YES_AGGRESSIVE;
				CLANG_CXX_LANGUAGE_STANDARD = "gnu++14";
				CLANG_CXX_LIBRARY = "libc++";
				CLANG_ENABLE_MODULES = YES;
				CLANG_ENABLE_OBJC_ARC = YES;
				CLANG_ENABLE_OBJC_WEAK = YES;
				CLANG_WARN_BLOCK_CAPTURE_AUTORELEASING = YES;
				CLANG_WARN_BOOL_CONVERSION = YES;
				CLANG_WARN_COMMA = YES;
				CLANG_WARN_CONSTANT_CONVERSION = YES;
				CLANG_WARN_DEPRECATED_OBJC_IMPLEMENTATIONS = YES;
				CLANG_WARN_DIRECT_OBJC_ISA_USAGE = YES_ERROR;
				CLANG_WARN_DOCUMENTATION_COMMENTS = YES;
				CLANG_WARN_EMPTY_BODY = YES;
				CLANG_WARN_ENUM_CONVERSION = YES;
				CLANG_WARN_INFINITE_RECURSION = YES;
				CLANG_WARN_INT_CONVERSION = YES;
				CLANG_WARN_NON_LITERAL_NULL_CONVERSION = YES;
				CLANG_WARN_OBJC_IMPLICIT_RETAIN_SELF = YES;
				CLANG_WARN_OBJC_LITERAL_CONVERSION = YES;
				CLANG_WARN_OBJC_ROOT_CLASS = YES_ERROR;
				CLANG_WARN_QUOTED_INCLUDE_IN_FRAMEWORK_HEADER = YES;
				CLANG_WARN_RANGE_LOOP_ANALYSIS = YES;
				CLANG_WARN_STRICT_PROTOTYPES = YES;
				CLANG_WARN_SUSPICIOUS_MOVE = YES;
				CLANG_WARN_UNGUARDED_AVAILABILITY = YES_AGGRESSIVE;
				CLANG_WARN_UNREACHABLE_CODE = YES;
				CLANG_WARN__DUPLICATE_METHOD_MATCH = YES;
				COPY_PHASE_STRIP = NO;
				DEBUG_INFORMATION_FORMAT = "dwarf-with-dsym";
				ENABLE_NS_ASSERTIONS = NO;
				ENABLE_STRICT_OBJC_MSGSEND = YES;
				GCC_C_LANGUAGE_STANDARD = gnu11;
				GCC_NO_COMMON_BLOCKS = YES;
				GCC_WARN_64_TO_32_BIT_CONVERSION = YES;
				GCC_WARN_ABOUT_RETURN_TYPE = YES_ERROR;
				GCC_WARN_UNDECLARED_SELECTOR = YES;
				GCC_WARN_UNINITIALIZED_AUTOS = YES_AGGRESSIVE;
				GCC_WARN_UNUSED_FUNCTION = YES;
				GCC_WARN_UNUSED_VARIABLE = YES;
				IPHONEOS_DEPLOYMENT_TARGET = 14.2;
				MTL_ENABLE_DEBUG_INFO = NO;
				MTL_FAST_MATH = YES;
				SDKROOT = iphoneos;
				SWIFT_COMPILATION_MODE = wholemodule;
				SWIFT_OPTIMIZATION_LEVEL = "-O";
				VALIDATE_PRODUCT = YES;
			};
			name = Release;
		};
		3E9DFF47257A6A2C002FE33C /* Debug */ = {
			isa = XCBuildConfiguration;
			buildSettings = {
				ASSETCATALOG_COMPILER_APPICON_NAME = AppIcon;
				ASSETCATALOG_COMPILER_GLOBAL_ACCENT_COLOR_NAME = AccentColor;
				CODE_SIGN_STYLE = Automatic;
				DEVELOPMENT_TEAM = MPB6PW44DS;
				INFOPLIST_FILE = Project7/Info.plist;
				IPHONEOS_DEPLOYMENT_TARGET = 13.0;
				LD_RUNPATH_SEARCH_PATHS = (
					"$(inherited)",
					"@executable_path/Frameworks",
				);
				PRODUCT_BUNDLE_IDENTIFIER = com.chrisjwelly.Project7;
				PRODUCT_NAME = "$(TARGET_NAME)";
				SWIFT_VERSION = 5.0;
				TARGETED_DEVICE_FAMILY = "1,2";
			};
			name = Debug;
		};
		3E9DFF48257A6A2C002FE33C /* Release */ = {
			isa = XCBuildConfiguration;
			buildSettings = {
				ASSETCATALOG_COMPILER_APPICON_NAME = AppIcon;
				ASSETCATALOG_COMPILER_GLOBAL_ACCENT_COLOR_NAME = AccentColor;
				CODE_SIGN_STYLE = Automatic;
				DEVELOPMENT_TEAM = MPB6PW44DS;
				INFOPLIST_FILE = Project7/Info.plist;
				IPHONEOS_DEPLOYMENT_TARGET = 13.0;
				LD_RUNPATH_SEARCH_PATHS = (
					"$(inherited)",
					"@executable_path/Frameworks",
				);
				PRODUCT_BUNDLE_IDENTIFIER = com.chrisjwelly.Project7;
				PRODUCT_NAME = "$(TARGET_NAME)";
				SWIFT_VERSION = 5.0;
				TARGETED_DEVICE_FAMILY = "1,2";
			};
			name = Release;
		};
/* End XCBuildConfiguration section */

/* Begin XCConfigurationList section */
		3E9DFF2D257A6A29002FE33C /* Build configuration list for PBXProject "Project7" */ = {
			isa = XCConfigurationList;
			buildConfigurations = (
				3E9DFF44257A6A2C002FE33C /* Debug */,
				3E9DFF45257A6A2C002FE33C /* Release */,
			);
			defaultConfigurationIsVisible = 0;
			defaultConfigurationName = Release;
		};
		3E9DFF46257A6A2C002FE33C /* Build configuration list for PBXNativeTarget "Project7" */ = {
			isa = XCConfigurationList;
			buildConfigurations = (
				3E9DFF47257A6A2C002FE33C /* Debug */,
				3E9DFF48257A6A2C002FE33C /* Release */,
			);
			defaultConfigurationIsVisible = 0;
			defaultConfigurationName = Release;
		};
/* End XCConfigurationList section */
	};
	rootObject = 3E9DFF2A257A6A29002FE33C /* Project object */;
}
